// !$*UTF8*$!
{
	archiveVersion = 1;
	classes = {
	};
	objectVersion = 50;
	objects = {

/* Begin PBXBuildFile section */
		80154339239E8A6F008B0C2B /* ParksViewFlowLayout.swift in Sources */ = {isa = PBXBuildFile; fileRef = 80154338239E8A6F008B0C2B /* ParksViewFlowLayout.swift */; };
		803EBB89239D13A5002D64D7 /* AppDelegate.swift in Sources */ = {isa = PBXBuildFile; fileRef = 803EBB88239D13A5002D64D7 /* AppDelegate.swift */; };
		803EBB8B239D13A5002D64D7 /* SceneDelegate.swift in Sources */ = {isa = PBXBuildFile; fileRef = 803EBB8A239D13A5002D64D7 /* SceneDelegate.swift */; };
		803EBB90239D13A5002D64D7 /* Main.storyboard in Resources */ = {isa = PBXBuildFile; fileRef = 803EBB8E239D13A5002D64D7 /* Main.storyboard */; };
		803EBB92239D13A9002D64D7 /* Assets.xcassets in Resources */ = {isa = PBXBuildFile; fileRef = 803EBB91239D13A9002D64D7 /* Assets.xcassets */; };
		803EBB95239D13A9002D64D7 /* LaunchScreen.storyboard in Resources */ = {isa = PBXBuildFile; fileRef = 803EBB93239D13A9002D64D7 /* LaunchScreen.storyboard */; };
		803EBBA0239D1A1A002D64D7 /* MasterViewController.swift in Sources */ = {isa = PBXBuildFile; fileRef = 803EBB9F239D1A1A002D64D7 /* MasterViewController.swift */; };
		803EBBA4239D1ADD002D64D7 /* ParksDataSource.swift in Sources */ = {isa = PBXBuildFile; fileRef = 803EBBA3239D1ADD002D64D7 /* ParksDataSource.swift */; };
		803EBBA7239D1AFE002D64D7 /* Park.swift in Sources */ = {isa = PBXBuildFile; fileRef = 803EBBA6239D1AFE002D64D7 /* Park.swift */; };
		803EBBB7239D23FF002D64D7 /* DetailViewController.swift in Sources */ = {isa = PBXBuildFile; fileRef = 803EBBB6239D23FF002D64D7 /* DetailViewController.swift */; };
		803EBBB9239D280A002D64D7 /* ParkCollectionViewCell.swift in Sources */ = {isa = PBXBuildFile; fileRef = 803EBBB8239D280A002D64D7 /* ParkCollectionViewCell.swift */; };
		803EBBBB239D294D002D64D7 /* NationalParks.plist in Resources */ = {isa = PBXBuildFile; fileRef = 803EBBBA239D294D002D64D7 /* NationalParks.plist */; };
		80537884239D793000E51508 /* GradientView.swift in Sources */ = {isa = PBXBuildFile; fileRef = 80537883239D793000E51508 /* GradientView.swift */; };
		80537886239D7C8800E51508 /* SectionHeaderView.swift in Sources */ = {isa = PBXBuildFile; fileRef = 80537885239D7C8800E51508 /* SectionHeaderView.swift */; };
/* End PBXBuildFile section */

/* Begin PBXFileReference section */
		80154338239E8A6F008B0C2B /* ParksViewFlowLayout.swift */ = {isa = PBXFileReference; lastKnownFileType = sourcecode.swift; path = ParksViewFlowLayout.swift; sourceTree = "<group>"; };
		803EBB85239D13A5002D64D7 /* CollectionView Lesson.app */ = {isa = PBXFileReference; explicitFileType = wrapper.application; includeInIndex = 0; path = "CollectionView Lesson.app"; sourceTree = BUILT_PRODUCTS_DIR; };
		803EBB88239D13A5002D64D7 /* AppDelegate.swift */ = {isa = PBXFileReference; lastKnownFileType = sourcecode.swift; path = AppDelegate.swift; sourceTree = "<group>"; };
		803EBB8A239D13A5002D64D7 /* SceneDelegate.swift */ = {isa = PBXFileReference; lastKnownFileType = sourcecode.swift; path = SceneDelegate.swift; sourceTree = "<group>"; };
		803EBB8F239D13A5002D64D7 /* Base */ = {isa = PBXFileReference; lastKnownFileType = file.storyboard; name = Base; path = Base.lproj/Main.storyboard; sourceTree = "<group>"; };
		803EBB91239D13A9002D64D7 /* Assets.xcassets */ = {isa = PBXFileReference; lastKnownFileType = folder.assetcatalog; path = Assets.xcassets; sourceTree = "<group>"; };
		803EBB94239D13A9002D64D7 /* Base */ = {isa = PBXFileReference; lastKnownFileType = file.storyboard; name = Base; path = Base.lproj/LaunchScreen.storyboard; sourceTree = "<group>"; };
		803EBB96239D13A9002D64D7 /* Info.plist */ = {isa = PBXFileReference; lastKnownFileType = text.plist.xml; path = Info.plist; sourceTree = "<group>"; };
		803EBB9F239D1A1A002D64D7 /* MasterViewController.swift */ = {isa = PBXFileReference; lastKnownFileType = sourcecode.swift; path = MasterViewController.swift; sourceTree = "<group>"; };
		803EBBA3239D1ADD002D64D7 /* ParksDataSource.swift */ = {isa = PBXFileReference; lastKnownFileType = sourcecode.swift; path = ParksDataSource.swift; sourceTree = "<group>"; };
		803EBBA6239D1AFE002D64D7 /* Park.swift */ = {isa = PBXFileReference; lastKnownFileType = sourcecode.swift; path = Park.swift; sourceTree = "<group>"; };
		803EBBB6239D23FF002D64D7 /* DetailViewController.swift */ = {isa = PBXFileReference; lastKnownFileType = sourcecode.swift; path = DetailViewController.swift; sourceTree = "<group>"; };
		803EBBB8239D280A002D64D7 /* ParkCollectionViewCell.swift */ = {isa = PBXFileReference; lastKnownFileType = sourcecode.swift; path = ParkCollectionViewCell.swift; sourceTree = "<group>"; };
		803EBBBA239D294D002D64D7 /* NationalParks.plist */ = {isa = PBXFileReference; fileEncoding = 4; lastKnownFileType = text.plist.xml; path = NationalParks.plist; sourceTree = "<group>"; };
		80537883239D793000E51508 /* GradientView.swift */ = {isa = PBXFileReference; lastKnownFileType = sourcecode.swift; path = GradientView.swift; sourceTree = "<group>"; };
		80537885239D7C8800E51508 /* SectionHeaderView.swift */ = {isa = PBXFileReference; lastKnownFileType = sourcecode.swift; path = SectionHeaderView.swift; sourceTree = "<group>"; };
/* End PBXFileReference section */

/* Begin PBXFrameworksBuildPhase section */
		803EBB82239D13A5002D64D7 /* Frameworks */ = {
			isa = PBXFrameworksBuildPhase;
			buildActionMask = 2147483647;
			files = (
			);
			runOnlyForDeploymentPostprocessing = 0;
		};
/* End PBXFrameworksBuildPhase section */

/* Begin PBXGroup section */
		803EBB7C239D13A5002D64D7 = {
			isa = PBXGroup;
			children = (
				803EBB87239D13A5002D64D7 /* CollectionView Lesson */,
				803EBB86239D13A5002D64D7 /* Products */,
			);
			sourceTree = "<group>";
		};
		803EBB86239D13A5002D64D7 /* Products */ = {
			isa = PBXGroup;
			children = (
				803EBB85239D13A5002D64D7 /* CollectionView Lesson.app */,
			);
			name = Products;
			sourceTree = "<group>";
		};
		803EBB87239D13A5002D64D7 /* CollectionView Lesson */ = {
			isa = PBXGroup;
			children = (
				803EBBB3239D1C1F002D64D7 /* Layout */,
				803EBBAA239D1BC5002D64D7 /* Data */,
				803EBBA5239D1AF5002D64D7 /* Model */,
				803EBBA2239D1AC9002D64D7 /* Data Sources */,
				803EBB9C239D1878002D64D7 /* Delegate */,
				803EBB9D239D187E002D64D7 /* ViewController */,
				803EBB9E239D1886002D64D7 /* Storyboard */,
				803EBB91239D13A9002D64D7 /* Assets.xcassets */,
				803EBB96239D13A9002D64D7 /* Info.plist */,
			);
			path = "CollectionView Lesson";
			sourceTree = "<group>";
		};
		803EBB9C239D1878002D64D7 /* Delegate */ = {
			isa = PBXGroup;
			children = (
				803EBB88239D13A5002D64D7 /* AppDelegate.swift */,
				803EBB8A239D13A5002D64D7 /* SceneDelegate.swift */,
			);
			path = Delegate;
			sourceTree = "<group>";
		};
		803EBB9D239D187E002D64D7 /* ViewController */ = {
			isa = PBXGroup;
			children = (
				803EBB9F239D1A1A002D64D7 /* MasterViewController.swift */,
				803EBBB6239D23FF002D64D7 /* DetailViewController.swift */,
			);
			path = ViewController;
			sourceTree = "<group>";
		};
		803EBB9E239D1886002D64D7 /* Storyboard */ = {
			isa = PBXGroup;
			children = (
				803EBB8E239D13A5002D64D7 /* Main.storyboard */,
				803EBB93239D13A9002D64D7 /* LaunchScreen.storyboard */,
			);
			path = Storyboard;
			sourceTree = "<group>";
		};
		803EBBA2239D1AC9002D64D7 /* Data Sources */ = {
			isa = PBXGroup;
			children = (
				803EBBA3239D1ADD002D64D7 /* ParksDataSource.swift */,
			);
			path = "Data Sources";
			sourceTree = "<group>";
		};
		803EBBA5239D1AF5002D64D7 /* Model */ = {
			isa = PBXGroup;
			children = (
				803EBBA6239D1AFE002D64D7 /* Park.swift */,
			);
			path = Model;
			sourceTree = "<group>";
		};
		803EBBAA239D1BC5002D64D7 /* Data */ = {
			isa = PBXGroup;
			children = (
				803EBBBA239D294D002D64D7 /* NationalParks.plist */,
			);
			path = Data;
			sourceTree = "<group>";
		};
		803EBBB3239D1C1F002D64D7 /* Layout */ = {
			isa = PBXGroup;
			children = (
				803EBBB8239D280A002D64D7 /* ParkCollectionViewCell.swift */,
				80537883239D793000E51508 /* GradientView.swift */,
				80537885239D7C8800E51508 /* SectionHeaderView.swift */,
				80154338239E8A6F008B0C2B /* ParksViewFlowLayout.swift */,
			);
			path = Layout;
			sourceTree = "<group>";
		};
/* End PBXGroup section */

/* Begin PBXNativeTarget section */
		803EBB84239D13A5002D64D7 /* CollectionView Lesson */ = {
			isa = PBXNativeTarget;
			buildConfigurationList = 803EBB99239D13A9002D64D7 /* Build configuration list for PBXNativeTarget "CollectionView Lesson" */;
			buildPhases = (
				803EBB81239D13A5002D64D7 /* Sources */,
				803EBB82239D13A5002D64D7 /* Frameworks */,
				803EBB83239D13A5002D64D7 /* Resources */,
			);
			buildRules = (
			);
			dependencies = (
			);
			name = "CollectionView Lesson";
			productName = "CollectionView Lesson";
			productReference = 803EBB85239D13A5002D64D7 /* CollectionView Lesson.app */;
			productType = "com.apple.product-type.application";
		};
/* End PBXNativeTarget section */

/* Begin PBXProject section */
		803EBB7D239D13A5002D64D7 /* Project object */ = {
			isa = PBXProject;
			attributes = {
				LastSwiftUpdateCheck = 1120;
				LastUpgradeCheck = 1120;
				ORGANIZATIONNAME = "Вячеслав";
				TargetAttributes = {
					803EBB84239D13A5002D64D7 = {
						CreatedOnToolsVersion = 11.2.1;
					};
				};
			};
			buildConfigurationList = 803EBB80239D13A5002D64D7 /* Build configuration list for PBXProject "CollectionView Lesson" */;
			compatibilityVersion = "Xcode 9.3";
			developmentRegion = en;
			hasScannedForEncodings = 0;
			knownRegions = (
				en,
				Base,
			);
			mainGroup = 803EBB7C239D13A5002D64D7;
			productRefGroup = 803EBB86239D13A5002D64D7 /* Products */;
			projectDirPath = "";
			projectRoot = "";
			targets = (
				803EBB84239D13A5002D64D7 /* CollectionView Lesson */,
			);
		};
/* End PBXProject section */

/* Begin PBXResourcesBuildPhase section */
		803EBB83239D13A5002D64D7 /* Resources */ = {
			isa = PBXResourcesBuildPhase;
			buildActionMask = 2147483647;
			files = (
				803EBBBB239D294D002D64D7 /* NationalParks.plist in Resources */,
				803EBB95239D13A9002D64D7 /* LaunchScreen.storyboard in Resources */,
				803EBB92239D13A9002D64D7 /* Assets.xcassets in Resources */,
				803EBB90239D13A5002D64D7 /* Main.storyboard in Resources */,
			);
			runOnlyForDeploymentPostprocessing = 0;
		};
/* End PBXResourcesBuildPhase section */

/* Begin PBXSourcesBuildPhase section */
		803EBB81239D13A5002D64D7 /* Sources */ = {
			isa = PBXSourcesBuildPhase;
			buildActionMask = 2147483647;
			files = (
				80154339239E8A6F008B0C2B /* ParksViewFlowLayout.swift in Sources */,
				803EBBA4239D1ADD002D64D7 /* ParksDataSource.swift in Sources */,
				803EBB89239D13A5002D64D7 /* AppDelegate.swift in Sources */,
				803EBB8B239D13A5002D64D7 /* SceneDelegate.swift in Sources */,
				803EBBB9239D280A002D64D7 /* ParkCollectionViewCell.swift in Sources */,
				80537886239D7C8800E51508 /* SectionHeaderView.swift in Sources */,
				803EBBA7239D1AFE002D64D7 /* Park.swift in Sources */,
				803EBBA0239D1A1A002D64D7 /* MasterViewController.swift in Sources */,
				80537884239D793000E51508 /* GradientView.swift in Sources */,
				803EBBB7239D23FF002D64D7 /* DetailViewController.swift in Sources */,
			);
			runOnlyForDeploymentPostprocessing = 0;
		};
/* End PBXSourcesBuildPhase section */

/* Begin PBXVariantGroup section */
		803EBB8E239D13A5002D64D7 /* Main.storyboard */ = {
			isa = PBXVariantGroup;
			children = (
				803EBB8F239D13A5002D64D7 /* Base */,
			);
			name = Main.storyboard;
			sourceTree = "<group>";
		};
		803EBB93239D13A9002D64D7 /* LaunchScreen.storyboard */ = {
			isa = PBXVariantGroup;
			children = (
				803EBB94239D13A9002D64D7 /* Base */,
			);
			name = LaunchScreen.storyboard;
			sourceTree = "<group>";
		};
/* End PBXVariantGroup section */

/* Begin XCBuildConfiguration section */
		803EBB97239D13A9002D64D7 /* Debug */ = {
			isa = XCBuildConfiguration;
			buildSettings = {
				ALWAYS_SEARCH_USER_PATHS = NO;
				CLANG_ANALYZER_NONNULL = YES;
				CLANG_ANALYZER_NUMBER_OBJECT_CONVERSION = YES_AGGRESSIVE;
				CLANG_CXX_LANGUAGE_STANDARD = "gnu++14";
				CLANG_CXX_LIBRARY = "libc++";
				CLANG_ENABLE_MODULES = YES;
				CLANG_ENABLE_OBJC_ARC = YES;
				CLANG_ENABLE_OBJC_WEAK = YES;
				CLANG_WARN_BLOCK_CAPTURE_AUTORELEASING = YES;
				CLANG_WARN_BOOL_CONVERSION = YES;
				CLANG_WARN_COMMA = YES;
				CLANG_WARN_CONSTANT_CONVERSION = YES;
				CLANG_WARN_DEPRECATED_OBJC_IMPLEMENTATIONS = YES;
				CLANG_WARN_DIRECT_OBJC_ISA_USAGE = YES_ERROR;
				CLANG_WARN_DOCUMENTATION_COMMENTS = YES;
				CLANG_WARN_EMPTY_BODY = YES;
				CLANG_WARN_ENUM_CONVERSION = YES;
				CLANG_WARN_INFINITE_RECURSION = YES;
				CLANG_WARN_INT_CONVERSION = YES;
				CLANG_WARN_NON_LITERAL_NULL_CONVERSION = YES;
				CLANG_WARN_OBJC_IMPLICIT_RETAIN_SELF = YES;
				CLANG_WARN_OBJC_LITERAL_CONVERSION = YES;
				CLANG_WARN_OBJC_ROOT_CLASS = YES_ERROR;
				CLANG_WARN_RANGE_LOOP_ANALYSIS = YES;
				CLANG_WARN_STRICT_PROTOTYPES = YES;
				CLANG_WARN_SUSPICIOUS_MOVE = YES;
				CLANG_WARN_UNGUARDED_AVAILABILITY = YES_AGGRESSIVE;
				CLANG_WARN_UNREACHABLE_CODE = YES;
				CLANG_WARN__DUPLICATE_METHOD_MATCH = YES;
				COPY_PHASE_STRIP = NO;
				DEBUG_INFORMATION_FORMAT = dwarf;
				ENABLE_STRICT_OBJC_MSGSEND = YES;
				ENABLE_TESTABILITY = YES;
				GCC_C_LANGUAGE_STANDARD = gnu11;
				GCC_DYNAMIC_NO_PIC = NO;
				GCC_NO_COMMON_BLOCKS = YES;
				GCC_OPTIMIZATION_LEVEL = 0;
				GCC_PREPROCESSOR_DEFINITIONS = (
					"DEBUG=1",
					"$(inherited)",
				);
				GCC_WARN_64_TO_32_BIT_CONVERSION = YES;
				GCC_WARN_ABOUT_RETURN_TYPE = YES_ERROR;
				GCC_WARN_UNDECLARED_SELECTOR = YES;
				GCC_WARN_UNINITIALIZED_AUTOS = YES_AGGRESSIVE;
				GCC_WARN_UNUSED_FUNCTION = YES;
				GCC_WARN_UNUSED_VARIABLE = YES;
				IPHONEOS_DEPLOYMENT_TARGET = 13.2;
				MTL_ENABLE_DEBUG_INFO = INCLUDE_SOURCE;
				MTL_FAST_MATH = YES;
				ONLY_ACTIVE_ARCH = YES;
				SDKROOT = iphoneos;
				SWIFT_ACTIVE_COMPILATION_CONDITIONS = DEBUG;
				SWIFT_OPTIMIZATION_LEVEL = "-Onone";
			};
			name = Debug;
		};
		803EBB98239D13A9002D64D7 /* Release */ = {
			isa = XCBuildConfiguration;
			buildSettings = {
				ALWAYS_SEARCH_USER_PATHS = NO;
				CLANG_ANALYZER_NONNULL = YES;
				CLANG_ANALYZER_NUMBER_OBJECT_CONVERSION = YES_AGGRESSIVE;
				CLANG_CXX_LANGUAGE_STANDARD = "gnu++14";
				CLANG_CXX_LIBRARY = "libc++";
				CLANG_ENABLE_MODULES = YES;
				CLANG_ENABLE_OBJC_ARC = YES;
				CLANG_ENABLE_OBJC_WEAK = YES;
				CLANG_WARN_BLOCK_CAPTURE_AUTORELEASING = YES;
				CLANG_WARN_BOOL_CONVERSION = YES;
				CLANG_WARN_COMMA = YES;
				CLANG_WARN_CONSTANT_CONVERSION = YES;
				CLANG_WARN_DEPRECATED_OBJC_IMPLEMENTATIONS = YES;
				CLANG_WARN_DIRECT_OBJC_ISA_USAGE = YES_ERROR;
				CLANG_WARN_DOCUMENTATION_COMMENTS = YES;
				CLANG_WARN_EMPTY_BODY = YES;
				CLANG_WARN_ENUM_CONVERSION = YES;
				CLANG_WARN_INFINITE_RECURSION = YES;
				CLANG_WARN_INT_CONVERSION = YES;
				CLANG_WARN_NON_LITERAL_NULL_CONVERSION = YES;
				CLANG_WARN_OBJC_IMPLICIT_RETAIN_SELF = YES;
				CLANG_WARN_OBJC_LITERAL_CONVERSION = YES;
				CLANG_WARN_OBJC_ROOT_CLASS = YES_ERROR;
				CLANG_WARN_RANGE_LOOP_ANALYSIS = YES;
				CLANG_WARN_STRICT_PROTOTYPES = YES;
				CLANG_WARN_SUSPICIOUS_MOVE = YES;
				CLANG_WARN_UNGUARDED_AVAILABILITY = YES_AGGRESSIVE;
				CLANG_WARN_UNREACHABLE_CODE = YES;
				CLANG_WARN__DUPLICATE_METHOD_MATCH = YES;
				COPY_PHASE_STRIP = NO;
				DEBUG_INFORMATION_FORMAT = "dwarf-with-dsym";
				ENABLE_NS_ASSERTIONS = NO;
				ENABLE_STRICT_OBJC_MSGSEND = YES;
				GCC_C_LANGUAGE_STANDARD = gnu11;
				GCC_NO_COMMON_BLOCKS = YES;
				GCC_WARN_64_TO_32_BIT_CONVERSION = YES;
				GCC_WARN_ABOUT_RETURN_TYPE = YES_ERROR;
				GCC_WARN_UNDECLARED_SELECTOR = YES;
				GCC_WARN_UNINITIALIZED_AUTOS = YES_AGGRESSIVE;
				GCC_WARN_UNUSED_FUNCTION = YES;
				GCC_WARN_UNUSED_VARIABLE = YES;
				IPHONEOS_DEPLOYMENT_TARGET = 13.2;
				MTL_ENABLE_DEBUG_INFO = NO;
				MTL_FAST_MATH = YES;
				SDKROOT = iphoneos;
				SWIFT_COMPILATION_MODE = wholemodule;
				SWIFT_OPTIMIZATION_LEVEL = "-O";
				VALIDATE_PRODUCT = YES;
			};
			name = Release;
		};
		803EBB9A239D13A9002D64D7 /* Debug */ = {
			isa = XCBuildConfiguration;
			buildSettings = {
				ASSETCATALOG_COMPILER_APPICON_NAME = AppIcon;
				CODE_SIGN_STYLE = Automatic;
				DEVELOPMENT_TEAM = AUZF4B9TJ6;
				INFOPLIST_FILE = "CollectionView Lesson/Info.plist";
				LD_RUNPATH_SEARCH_PATHS = (
					"$(inherited)",
					"@executable_path/Frameworks",
				);
				PRODUCT_BUNDLE_IDENTIFIER = "ru.viacheslav.CollectionView-Lesson";
				PRODUCT_NAME = "$(TARGET_NAME)";
				SWIFT_VERSION = 5.0;
				TARGETED_DEVICE_FAMILY = "1,2";
			};
			name = Debug;
		};
		803EBB9B239D13A9002D64D7 /* Release */ = {
			isa = XCBuildConfiguration;
			buildSettings = {
				ASSETCATALOG_COMPILER_APPICON_NAME = AppIcon;
				CODE_SIGN_STYLE = Automatic;
				DEVELOPMENT_TEAM = AUZF4B9TJ6;
				INFOPLIST_FILE = "CollectionView Lesson/Info.plist";
				LD_RUNPATH_SEARCH_PATHS = (
					"$(inherited)",
					"@executable_path/Frameworks",
				);
				PRODUCT_BUNDLE_IDENTIFIER = "ru.viacheslav.CollectionView-Lesson";
				PRODUCT_NAME = "$(TARGET_NAME)";
				SWIFT_VERSION = 5.0;
				TARGETED_DEVICE_FAMILY = "1,2";
			};
			name = Release;
		};
/* End XCBuildConfiguration section */

/* Begin XCConfigurationList section */
		803EBB80239D13A5002D64D7 /* Build configuration list for PBXProject "CollectionView Lesson" */ = {
			isa = XCConfigurationList;
			buildConfigurations = (
				803EBB97239D13A9002D64D7 /* Debug */,
				803EBB98239D13A9002D64D7 /* Release */,
			);
			defaultConfigurationIsVisible = 0;
			defaultConfigurationName = Release;
		};
		803EBB99239D13A9002D64D7 /* Build configuration list for PBXNativeTarget "CollectionView Lesson" */ = {
			isa = XCConfigurationList;
			buildConfigurations = (
				803EBB9A239D13A9002D64D7 /* Debug */,
				803EBB9B239D13A9002D64D7 /* Release */,
			);
			defaultConfigurationIsVisible = 0;
			defaultConfigurationName = Release;
		};
/* End XCConfigurationList section */
	};
	rootObject = 803EBB7D239D13A5002D64D7 /* Project object */;
}
